lockfileVersion: '9.0'

settings:
  autoInstallPeers: true
  excludeLinksFromLockfile: false

importers:

  .:
    dependencies:
      '@orpc/contract':
        specifier: 1.15.4
        version: 1.15.4
    devDependencies:
      '@orpc/openapi':
        specifier: 1.15.4
        version: 1.15.4
      '@orpc/zod':
        specifier: 1.15.4
        version: 1.15.4(@orpc/contract@1.15.4)(@orpc/server@1.15.4)(zod@4.6.5)
      typescript:
        specifier: ~6.0.3
        version: 6.0.3
      zod:
        specifier: ^4.6.5
        version: 4.6.5

packages:

  '@orpc/client@1.15.4':
    resolution: {integrity: sha512-8Iv2K8Rj8hf6xHCTxmQ+gxgiY6EATDossQk4gdt3oSbGVV0x2RSeLtRK9Zry+KVsmOqPJfnLahfRp7H2rQ/Vgg==}

  '@orpc/contract@1.15.4':
    resolution: {integrity: sha512-mxH+kuIsKz7BGsoqDHShnMjKG7GvCMGpvxTtJnkpbowIp2iBz8XiWosiWBybZcUl1Dy9W77TyOk6pNqG5I4D6w==}

  '@orpc/interop@1.15.4':
    resolution: {integrity: sha512-ZCTNPenr1clZ2RBCJxsCsvS3eS8MJIDSx/LH1AIAKj9RjvfOXI/BnjHmgD4jUEIa6FcG+c2LV/1IXVJpC6NoTw==}

  '@orpc/json-schema@1.15.4':
    resolution: {integrity: sha512-UIPzRBWuSkWejOJwIAGFkW8H0iOvqobGJnVGRbpKOGAw1kiJW2EqHQ+2ZhE2o/cTi/A+HnQj0YG9tmrk5Vytnw==}

  '@orpc/openapi-client@1.15.4':
    resolution: {integrity: sha512-z+8gRUp9bhVuA2tFlzJDCaUbLV/whZec25fmYb0VtP2N6iPfY0d7hYZvX47F/WrcuwaLCTqkbVAzK8Xb2cKF/w==}

  '@orpc/openapi@1.15.4':
    resolution: {integrity: sha512-+J2skkYlqcB7O9nUJ9rhV1IvisimIwxyn21nAWP/jvSg5PN/klqSO2r6XkxiAaCukw/QE5BFMbN8c0ZdLrMEnw==}

  '@orpc/server@1.15.4':
    resolution: {integrity: sha512-Ccs2Pdwql2XRtk7bzkiZohoYuUVNcffydbswhz75rdepCQt0HmKosfVhsqjAqCKDDB7c84ct7Q7c5Z/xQak7pQ==}
    peerDependencies:
      crossws: '>=0.3.4'
      ws: '>=8.18.1'
    peerDependenciesMeta:
      crossws:
        optional: true
      ws:
        optional: true

  '@orpc/shared@1.15.4':
    resolution: {integrity: sha512-syNylxXmv1WnroSDUvtYjuvu0YMAYzkLTjFPa0CggnaF3DH2YmAnRS5GGGzSPRAbhMtRAXArIoM7GVrRNKHxng==}
    peerDependencies:
      '@opentelemetry/api': '>=1.9.0'
    peerDependenciesMeta:
      '@opentelemetry/api':
        optional: true

  '@orpc/standard-server-aws-lambda@1.15.4':
    resolution: {integrity: sha512-Vq5nNhq/XSM3DPsI1MLEbMraP+++hb0btsS8IfdAj5eXTYvDzpTA5rZ+gMhhgnVuZvZcQbmBojTgtu41X8t4sA==}

  '@orpc/standard-server-fastify@1.15.4':
    resolution: {integrity: sha512-OkBWAUQhtssTrfaV3FF8X/gdJL7otS1MvfTBuxKoRKpf6u7CQB9QpdY76OSg407N/hvN8wzSW2lSbhlKljOxkQ==}
    peerDependencies:
      fastify: '>=5.6.1'
    peerDependenciesMeta:
      fastify:
        optional: true

  '@orpc/standard-server-fetch@1.15.4':
    resolution: {integrity: sha512-u6zQDx/tUgNUWDQstJMbWkCKsecp9j+4WHWoPmNNuk2PyRdD6FEmvJJs23CAKa5njKu2V8aMzuuL9AW3jechuw==}

  '@orpc/standard-server-node@1.15.4':
    resolution: {integrity: sha512-is6T03n1y6nx+g9ve0ip+F1BXbnR104r3NEGVUcGmkuLCqtxqbXCCjyzJTXWwGArTdEcxDOT4cW/zx/EORGN0g==}

  '@orpc/standard-server-peer@1.15.4':
    resolution: {integrity: sha512-qWH7gf+8Iv2oXVIQZIQIvAyk2LYUHcj0CXF+AKF5WzHU22vJInD4FKbl8+UesVU+nT8O+BrVmOXzrQ40TqngpQ==}

  '@orpc/standard-server@1.15.4':
    resolution: {integrity: sha512-woaFpUJavYPiqRQ0Eh716jOHRZ7o84mPpmEPS79bBUJNDilGEj2OBSjbHV2ez4FYdVnEnlbg+rYy7sX3PwwENA==}

  '@orpc/zod@1.15.4':
    resolution: {integrity: sha512-k7W5yvagfcGztACr7qpB7Yyp3iMF9BzCJX9uDH9EEouuM2gt/WzsGtkDw//LTpPPsJQerltdKrdGfaWnbrGBhQ==}
    peerDependencies:
      '@orpc/contract': 1.15.4
      '@orpc/server': 1.15.4
      zod: '>=3.25.0'

  '@standard-schema/spec@1.1.0':
    resolution: {integrity: sha512-l2aFy5jALhniG5HgqrD6jXLi/rUWrKvqN/qJx6yoJsgKhblVd+iqqU4RCXavm/jPityDo5TCvKMnpjKnOriy0w==}

  cookie@1.1.1:
    resolution: {integrity: sha512-ei8Aos7ja0weRpFzJnEA9UHJ/7XQmqglbRwnf2ATjcB9Wq874VKH9kfjjirM6UhU2/E5fFYadylyhFldcqSidQ==}
    engines: {node: '>=18'}

  escape-string-regexp@5.0.0:
    resolution: {integrity: sha512-/veY75JbMK4j1yjvuUxuVsiS/hr/4iHs9FTT6cgTexxdE0Ly/glccBAkloH/DofkjRbZU3bnoj38mOmhkZ0lHw==}
    engines: {node: '>=12'}

  json-schema-typed@8.0.2:
    resolution: {integrity: sha512-fQhoXdcvc3V28x7C7BMs4P5+kNlgUURe2jmUT1T//oBRMDrqy1QPelJimwZGo7Hg9VPV3EQV5Bnq4hbFy2vetA==}

  openapi-types@12.1.3:
    resolution: {integrity: sha512-N4YtSYJqghVu4iek2ZUvcN/0aqH1kRDuNqzcycDxhOUpg7GdvLa2F3DgS6yBNhInhv2r/6I0Flkn7CqL8+nIcw==}

  radash@12.1.1:
    resolution: {integrity: sha512-h36JMxKRqrAxVD8201FrCpyeNuUY9Y5zZwujr20fFO77tpUtGa6EZzfKw/3WaiBX95fq7+MpsuMLNdSnORAwSA==}
    engines: {node: '>=14.18.0'}

  rou3@0.7.12:
    resolution: {integrity: sha512-iFE4hLDuloSWcD7mjdCDhx2bKcIsYbtOTpfH5MHHLSKMOUyjqQXTeZVa289uuwEGEKFoE/BAPbhaU4B774nceg==}

  tagged-tag@1.0.0:
    resolution: {integrity: sha512-yEFYrVhod+hdNyx7g5Bnkkb0G6si8HJurOoOEgC8B/O0uXLHlaey/65KRv6cuWBNhBgHKAROVpc7QyYqE5gFng==}
    engines: {node: '>=20'}

  type-fest@5.10.0:
    resolution: {integrity: sha512-NoSdpq/WEiAg5sjmBkmV/hfxv6HJH4NqPNrqjtSO5CwRmpsDfaf4begxW34KdJykH/l1yHtwBWQkCRdoXO8mPA==}
    engines: {node: '>=20'}

  typescript@6.0.3:
    resolution: {integrity: sha512-y2TvuxSZPDyQakkFRPZHKFm+KKVqIisdg9/CZwm9ftvKXLP8NRWj38/ODjNbr43SsoXqNuAisEf1GdCxqWcdBw==}
    engines: {node: '>=14.17'}
    hasBin: true

  wildcard-match@5.1.6:
    resolution: {integrity: sha512-Dh5N543my42ynFsbT0v6iPpaqJt95MOK1n/lhojVTe/hS3gpP6e938bbzsfaS0goLlJbhEOCIJPe/Tc3hckoaQ==}

  zod@4.6.5:
    resolution: {integrity: sha512-v5l/aFXZQeai4awLbOpSoHecE9UiMrnfx75tEXLjNonXVARxQ5mOeipTjROUchszUNCqnE+hqAMujRsRHsut2Q==}

snapshots:

  '@orpc/client@1.15.4':
    dependencies:
      '@orpc/shared': 1.15.4
      '@orpc/standard-server': 1.15.4
      '@orpc/standard-server-fetch': 1.15.4
      '@orpc/standard-server-peer': 1.15.4
    transitivePeerDependencies:
      - '@opentelemetry/api'

  '@orpc/contract@1.15.4':
    dependencies:
      '@orpc/client': 1.15.4
      '@orpc/shared': 1.15.4
      '@standard-schema/spec': 1.1.0
      openapi-types: 12.1.3
    transitivePeerDependencies:
      - '@opentelemetry/api'

  '@orpc/interop@1.15.4': {}

  '@orpc/json-schema@1.15.4':
    dependencies:
      '@orpc/contract': 1.15.4
      '@orpc/interop': 1.15.4
      '@orpc/openapi': 1.15.4
      '@orpc/server': 1.15.4
      '@orpc/shared': 1.15.4
      json-schema-typed: 8.0.2
    transitivePeerDependencies:
      - '@opentelemetry/api'
      - crossws
      - fastify
      - ws

  '@orpc/openapi-client@1.15.4':
    dependencies:
      '@orpc/client': 1.15.4
      '@orpc/contract': 1.15.4
      '@orpc/shared': 1.15.4
      '@orpc/standard-server': 1.15.4
    transitivePeerDependencies:
      - '@opentelemetry/api'

  '@orpc/openapi@1.15.4':
    dependencies:
      '@orpc/client': 1.15.4
      '@orpc/contract': 1.15.4
      '@orpc/interop': 1.15.4
      '@orpc/openapi-client': 1.15.4
      '@orpc/server': 1.15.4
      '@orpc/shared': 1.15.4
      '@orpc/standard-server': 1.15.4
      json-schema-typed: 8.0.2
      rou3: 0.7.12
    transitivePeerDependencies:
      - '@opentelemetry/api'
      - crossws
      - fastify
      - ws

  '@orpc/server@1.15.4':
    dependencies:
      '@orpc/client': 1.15.4
      '@orpc/contract': 1.15.4
      '@orpc/interop': 1.15.4
      '@orpc/shared': 1.15.4
      '@orpc/standard-server': 1.15.4
      '@orpc/standard-server-aws-lambda': 1.15.4
      '@orpc/standard-server-fastify': 1.15.4
      '@orpc/standard-server-fetch': 1.15.4
      '@orpc/standard-server-node': 1.15.4
      '@orpc/standard-server-peer': 1.15.4
      cookie: 1.1.1
    transitivePeerDependencies:
      - '@opentelemetry/api'
      - fastify

  '@orpc/shared@1.15.4':
    dependencies:
      radash: 12.1.1
      type-fest: 5.10.0

  '@orpc/standard-server-aws-lambda@1.15.4':
    dependencies:
      '@orpc/shared': 1.15.4
      '@orpc/standard-server': 1.15.4
      '@orpc/standard-server-fetch': 1.15.4
      '@orpc/standard-server-node': 1.15.4
    transitivePeerDependencies:
      - '@opentelemetry/api'

  '@orpc/standard-server-fastify@1.15.4':
    dependencies:
      '@orpc/shared': 1.15.4
      '@orpc/standard-server': 1.15.4
      '@orpc/standard-server-node': 1.15.4
    transitivePeerDependencies:
      - '@opentelemetry/api'

  '@orpc/standard-server-fetch@1.15.4':
    dependencies:
      '@orpc/shared': 1.15.4
      '@orpc/standard-server': 1.15.4
    transitivePeerDependencies:
      - '@opentelemetry/api'

  '@orpc/standard-server-node@1.15.4':
    dependencies:
      '@orpc/shared': 1.15.4
      '@orpc/standard-server': 1.15.4
      '@orpc/standard-server-fetch': 1.15.4
    transitivePeerDependencies:
      - '@opentelemetry/api'

  '@orpc/standard-server-peer@1.15.4':
    dependencies:
      '@orpc/shared': 1.15.4
      '@orpc/standard-server': 1.15.4
    transitivePeerDependencies:
      - '@opentelemetry/api'

  '@orpc/standard-server@1.15.4':
    dependencies:
      '@orpc/shared': 1.15.4
    transitivePeerDependencies:
      - '@opentelemetry/api'

  '@orpc/zod@1.15.4(@orpc/contract@1.15.4)(@orpc/server@1.15.4)(zod@4.6.5)':
    dependencies:
      '@orpc/contract': 1.15.4
      '@orpc/json-schema': 1.15.4
      '@orpc/openapi': 1.15.4
      '@orpc/server': 1.15.4
      '@orpc/shared': 1.15.4
      escape-string-regexp: 5.0.0
      wildcard-match: 5.1.6
      zod: 4.6.5
    transitivePeerDependencies:
      - '@opentelemetry/api'
      - crossws
      - fastify
      - ws

  '@standard-schema/spec@1.1.0': {}

  cookie@1.1.1: {}

  escape-string-regexp@5.0.0: {}

  json-schema-typed@8.0.2: {}

  openapi-types@12.1.3: {}

  radash@12.1.1: {}

  rou3@0.7.12: {}

  tagged-tag@1.0.0: {}

  type-fest@5.10.0:
    dependencies:
      tagged-tag: 1.0.0

  typescript@6.0.3: {}

  wildcard-match@5.1.6: {}

  zod@4.6.5: {}
